
Microsoft Visual Studio Solution File, Format Version 12.00
# Visual Studio Version 16
VisualStudioVersion = 16.0.30002.166
MinimumVisualStudioVersion = 10.0.40219.1
Project("{FAE04EC0-301F-11D3-BF4B-00C04F79EFBC}") = "SalesWebMVC", "SalesWebMVC\SalesWebMVC.csproj", "{6BA8B1D8-320B-4D25-87C7-52B2E9FAC907}"
EndProject
Global
	GlobalSection(SolutionConfigurationPlatforms) = preSolution
		Debug|Any CPU = Debug|Any CPU
		Release|Any CPU = Release|Any CPU
	EndGlobalSection
	GlobalSection(ProjectConfigurationPlatforms) = postSolution
		{6BA8B1D8-320B-4D25-87C7-52B2E9FAC907}.Debug|Any CPU.ActiveCfg = Debug|Any CPU
		{6BA8B1D8-320B-4D25-87C7-52B2E9FAC907}.Debug|Any CPU.Build.0 = Debug|Any CPU
		{6BA8B1D8-320B-4D25-87C7-52B2E9FAC907}.Release|Any CPU.ActiveCfg = Release|Any CPU
		{6BA8B1D8-320B-4D25-87C7-52B2E9FAC907}.Release|Any CPU.Build.0 = Release|Any CPU
	EndGlobalSection
	GlobalSection(SolutionProperties) = preSolution
		HideSolutionNode = FALSE
	EndGlobalSection
	GlobalSection(ExtensibilityGlobals) = postSolution
		SolutionGuid = {96FD6378-91E9-4DCD-9DD8-222595CFA8B2}
	EndGlobalSection
EndGlobal
